
Microsoft Visual Studio Solution File, Format Version 12.00
# Visual Studio Version 17
VisualStudioVersion = 17.14.36811.4 d17.14
MinimumVisualStudioVersion = 10.0.40219.1
Project("{FAE04EC0-301F-11D3-BF4B-00C04F79EFBC}") = "Day2_2", "Day2_2\Day2_2.csproj", "{436E61D6-C991-4BD5-9D56-51FBEEEB7715}"
EndProject
Global
	GlobalSection(SolutionConfigurationPlatforms) = preSolution
		Debug|Any CPU = Debug|Any CPU
		Release|Any CPU = Release|Any CPU
	EndGlobalSection
	GlobalSection(ProjectConfigurationPlatforms) = postSolution
		{436E61D6-C991-4BD5-9D56-51FBEEEB7715}.Debug|Any CPU.ActiveCfg = Debug|Any CPU
		{436E61D6-C991-4BD5-9D56-51FBEEEB7715}.Debug|Any CPU.Build.0 = Debug|Any CPU
		{436E61D6-C991-4BD5-9D56-51FBEEEB7715}.Release|Any CPU.ActiveCfg = Release|Any CPU
		{436E61D6-C991-4BD5-9D56-51FBEEEB7715}.Release|Any CPU.Build.0 = Release|Any CPU
	EndGlobalSection
	GlobalSection(SolutionProperties) = preSolution
		HideSolutionNode = FALSE
	EndGlobalSection
	GlobalSection(ExtensibilityGlobals) = postSolution
		SolutionGuid = {2A42498D-999A-4DEE-A574-CD020CE23D79}
	EndGlobalSection
EndGlobal
