
Microsoft Visual Studio Solution File, Format Version 12.00
# Visual Studio Version 17
VisualStudioVersion = 17.14.36811.4 d17.14
MinimumVisualStudioVersion = 10.0.40219.1
Project("{FAE04EC0-301F-11D3-BF4B-00C04F79EFBC}") = "Day7_refout_work", "Day7_refout_work\Day7_refout_work.csproj", "{69B0DBCE-333A-4E12-9303-DB904351C81B}"
EndProject
Global
	GlobalSection(SolutionConfigurationPlatforms) = preSolution
		Debug|Any CPU = Debug|Any CPU
		Release|Any CPU = Release|Any CPU
	EndGlobalSection
	GlobalSection(ProjectConfigurationPlatforms) = postSolution
		{69B0DBCE-333A-4E12-9303-DB904351C81B}.Debug|Any CPU.ActiveCfg = Debug|Any CPU
		{69B0DBCE-333A-4E12-9303-DB904351C81B}.Debug|Any CPU.Build.0 = Debug|Any CPU
		{69B0DBCE-333A-4E12-9303-DB904351C81B}.Release|Any CPU.ActiveCfg = Release|Any CPU
		{69B0DBCE-333A-4E12-9303-DB904351C81B}.Release|Any CPU.Build.0 = Release|Any CPU
	EndGlobalSection
	GlobalSection(SolutionProperties) = preSolution
		HideSolutionNode = FALSE
	EndGlobalSection
	GlobalSection(ExtensibilityGlobals) = postSolution
		SolutionGuid = {B1002A1A-A412-44CE-88D2-FEF32B6F6D83}
	EndGlobalSection
EndGlobal
