
Microsoft Visual Studio Solution File, Format Version 12.00
# Visual Studio Version 17
VisualStudioVersion = 17.14.36811.4 d17.14
MinimumVisualStudioVersion = 10.0.40219.1
Project("{FAE04EC0-301F-11D3-BF4B-00C04F79EFBC}") = "Day7_fx2", "Day7_fx2\Day7_fx2.csproj", "{FA251CBE-9CBE-484A-BDFE-99E78CDB9EB0}"
EndProject
Global
	GlobalSection(SolutionConfigurationPlatforms) = preSolution
		Debug|Any CPU = Debug|Any CPU
		Release|Any CPU = Release|Any CPU
	EndGlobalSection
	GlobalSection(ProjectConfigurationPlatforms) = postSolution
		{FA251CBE-9CBE-484A-BDFE-99E78CDB9EB0}.Debug|Any CPU.ActiveCfg = Debug|Any CPU
		{FA251CBE-9CBE-484A-BDFE-99E78CDB9EB0}.Debug|Any CPU.Build.0 = Debug|Any CPU
		{FA251CBE-9CBE-484A-BDFE-99E78CDB9EB0}.Release|Any CPU.ActiveCfg = Release|Any CPU
		{FA251CBE-9CBE-484A-BDFE-99E78CDB9EB0}.Release|Any CPU.Build.0 = Release|Any CPU
	EndGlobalSection
	GlobalSection(SolutionProperties) = preSolution
		HideSolutionNode = FALSE
	EndGlobalSection
	GlobalSection(ExtensibilityGlobals) = postSolution
		SolutionGuid = {DC3A47AD-35E2-495F-96F7-00B4FEBA40A1}
	EndGlobalSection
EndGlobal
