
Microsoft Visual Studio Solution File, Format Version 12.00
# Visual Studio Version 17
VisualStudioVersion = 17.14.36811.4 d17.14
MinimumVisualStudioVersion = 10.0.40219.1
Project("{FAE04EC0-301F-11D3-BF4B-00C04F79EFBC}") = "Day3_operator", "Day3_operator\Day3_operator.csproj", "{F5CC8BD2-7B92-4389-928A-54998BF0883B}"
EndProject
Global
	GlobalSection(SolutionConfigurationPlatforms) = preSolution
		Debug|Any CPU = Debug|Any CPU
		Release|Any CPU = Release|Any CPU
	EndGlobalSection
	GlobalSection(ProjectConfigurationPlatforms) = postSolution
		{F5CC8BD2-7B92-4389-928A-54998BF0883B}.Debug|Any CPU.ActiveCfg = Debug|Any CPU
		{F5CC8BD2-7B92-4389-928A-54998BF0883B}.Debug|Any CPU.Build.0 = Debug|Any CPU
		{F5CC8BD2-7B92-4389-928A-54998BF0883B}.Release|Any CPU.ActiveCfg = Release|Any CPU
		{F5CC8BD2-7B92-4389-928A-54998BF0883B}.Release|Any CPU.Build.0 = Release|Any CPU
	EndGlobalSection
	GlobalSection(SolutionProperties) = preSolution
		HideSolutionNode = FALSE
	EndGlobalSection
	GlobalSection(ExtensibilityGlobals) = postSolution
		SolutionGuid = {77821A27-C022-47D4-831A-058EE8D71946}
	EndGlobalSection
EndGlobal
