
Microsoft Visual Studio Solution File, Format Version 12.00
# Visual Studio Version 17
VisualStudioVersion = 17.14.36811.4 d17.14
MinimumVisualStudioVersion = 10.0.40219.1
Project("{FAE04EC0-301F-11D3-BF4B-00C04F79EFBC}") = "Day7_fx4", "Day7_fx4\Day7_fx4.csproj", "{EDCD38BB-C533-4069-B616-FDA9AFA54235}"
EndProject
Global
	GlobalSection(SolutionConfigurationPlatforms) = preSolution
		Debug|Any CPU = Debug|Any CPU
		Release|Any CPU = Release|Any CPU
	EndGlobalSection
	GlobalSection(ProjectConfigurationPlatforms) = postSolution
		{EDCD38BB-C533-4069-B616-FDA9AFA54235}.Debug|Any CPU.ActiveCfg = Debug|Any CPU
		{EDCD38BB-C533-4069-B616-FDA9AFA54235}.Debug|Any CPU.Build.0 = Debug|Any CPU
		{EDCD38BB-C533-4069-B616-FDA9AFA54235}.Release|Any CPU.ActiveCfg = Release|Any CPU
		{EDCD38BB-C533-4069-B616-FDA9AFA54235}.Release|Any CPU.Build.0 = Release|Any CPU
	EndGlobalSection
	GlobalSection(SolutionProperties) = preSolution
		HideSolutionNode = FALSE
	EndGlobalSection
	GlobalSection(ExtensibilityGlobals) = postSolution
		SolutionGuid = {36A6B49D-2016-4B1B-A0D9-3E3631F8B5F7}
	EndGlobalSection
EndGlobal
