
Microsoft Visual Studio Solution File, Format Version 12.00
# Visual Studio Version 17
VisualStudioVersion = 17.14.36811.4 d17.14
MinimumVisualStudioVersion = 10.0.40219.1
Project("{FAE04EC0-301F-11D3-BF4B-00C04F79EFBC}") = "Day2_d2_video", "Day2_d2_video\Day2_d2_video.csproj", "{89618C6A-DD76-4482-A5CE-60D358A07982}"
EndProject
Global
	GlobalSection(SolutionConfigurationPlatforms) = preSolution
		Debug|Any CPU = Debug|Any CPU
		Release|Any CPU = Release|Any CPU
	EndGlobalSection
	GlobalSection(ProjectConfigurationPlatforms) = postSolution
		{89618C6A-DD76-4482-A5CE-60D358A07982}.Debug|Any CPU.ActiveCfg = Debug|Any CPU
		{89618C6A-DD76-4482-A5CE-60D358A07982}.Debug|Any CPU.Build.0 = Debug|Any CPU
		{89618C6A-DD76-4482-A5CE-60D358A07982}.Release|Any CPU.ActiveCfg = Release|Any CPU
		{89618C6A-DD76-4482-A5CE-60D358A07982}.Release|Any CPU.Build.0 = Release|Any CPU
	EndGlobalSection
	GlobalSection(SolutionProperties) = preSolution
		HideSolutionNode = FALSE
	EndGlobalSection
	GlobalSection(ExtensibilityGlobals) = postSolution
		SolutionGuid = {9EC1FD09-D90D-4D8C-826B-1188C62B116B}
	EndGlobalSection
EndGlobal
