
Microsoft Visual Studio Solution File, Format Version 12.00
# Visual Studio Version 17
VisualStudioVersion = 17.14.36811.4 d17.14
MinimumVisualStudioVersion = 10.0.40219.1
Project("{FAE04EC0-301F-11D3-BF4B-00C04F79EFBC}") = "Day4_operator3", "Day4_operator3\Day4_operator3.csproj", "{A0A88A01-B389-4622-B498-40D568238FE3}"
EndProject
Global
	GlobalSection(SolutionConfigurationPlatforms) = preSolution
		Debug|Any CPU = Debug|Any CPU
		Release|Any CPU = Release|Any CPU
	EndGlobalSection
	GlobalSection(ProjectConfigurationPlatforms) = postSolution
		{A0A88A01-B389-4622-B498-40D568238FE3}.Debug|Any CPU.ActiveCfg = Debug|Any CPU
		{A0A88A01-B389-4622-B498-40D568238FE3}.Debug|Any CPU.Build.0 = Debug|Any CPU
		{A0A88A01-B389-4622-B498-40D568238FE3}.Release|Any CPU.ActiveCfg = Release|Any CPU
		{A0A88A01-B389-4622-B498-40D568238FE3}.Release|Any CPU.Build.0 = Release|Any CPU
	EndGlobalSection
	GlobalSection(SolutionProperties) = preSolution
		HideSolutionNode = FALSE
	EndGlobalSection
	GlobalSection(ExtensibilityGlobals) = postSolution
		SolutionGuid = {5FD0CD80-87F3-4FC4-945F-6450507953E1}
	EndGlobalSection
EndGlobal
