
Microsoft Visual Studio Solution File, Format Version 12.00
# Visual Studio Version 17
VisualStudioVersion = 17.14.36811.4 d17.14
MinimumVisualStudioVersion = 10.0.40219.1
Project("{FAE04EC0-301F-11D3-BF4B-00C04F79EFBC}") = "Day7_fx5", "Day7_fx5\Day7_fx5.csproj", "{3BA80746-CAB6-4D7A-B1CA-641C730D6C86}"
EndProject
Global
	GlobalSection(SolutionConfigurationPlatforms) = preSolution
		Debug|Any CPU = Debug|Any CPU
		Release|Any CPU = Release|Any CPU
	EndGlobalSection
	GlobalSection(ProjectConfigurationPlatforms) = postSolution
		{3BA80746-CAB6-4D7A-B1CA-641C730D6C86}.Debug|Any CPU.ActiveCfg = Debug|Any CPU
		{3BA80746-CAB6-4D7A-B1CA-641C730D6C86}.Debug|Any CPU.Build.0 = Debug|Any CPU
		{3BA80746-CAB6-4D7A-B1CA-641C730D6C86}.Release|Any CPU.ActiveCfg = Release|Any CPU
		{3BA80746-CAB6-4D7A-B1CA-641C730D6C86}.Release|Any CPU.Build.0 = Release|Any CPU
	EndGlobalSection
	GlobalSection(SolutionProperties) = preSolution
		HideSolutionNode = FALSE
	EndGlobalSection
	GlobalSection(ExtensibilityGlobals) = postSolution
		SolutionGuid = {E842496E-3C65-49F0-92ED-82370F0CDB39}
	EndGlobalSection
EndGlobal
