
Microsoft Visual Studio Solution File, Format Version 12.00
# Visual Studio Version 17
VisualStudioVersion = 17.14.36811.4 d17.14
MinimumVisualStudioVersion = 10.0.40219.1
Project("{FAE04EC0-301F-11D3-BF4B-00C04F79EFBC}") = "Day10_OverAll", "Day10_OverAll\Day10_OverAll.csproj", "{7C92D6BE-DFFF-4A24-8A47-A6FE7B282739}"
EndProject
Global
	GlobalSection(SolutionConfigurationPlatforms) = preSolution
		Debug|Any CPU = Debug|Any CPU
		Release|Any CPU = Release|Any CPU
	EndGlobalSection
	GlobalSection(ProjectConfigurationPlatforms) = postSolution
		{7C92D6BE-DFFF-4A24-8A47-A6FE7B282739}.Debug|Any CPU.ActiveCfg = Debug|Any CPU
		{7C92D6BE-DFFF-4A24-8A47-A6FE7B282739}.Debug|Any CPU.Build.0 = Debug|Any CPU
		{7C92D6BE-DFFF-4A24-8A47-A6FE7B282739}.Release|Any CPU.ActiveCfg = Release|Any CPU
		{7C92D6BE-DFFF-4A24-8A47-A6FE7B282739}.Release|Any CPU.Build.0 = Release|Any CPU
	EndGlobalSection
	GlobalSection(SolutionProperties) = preSolution
		HideSolutionNode = FALSE
	EndGlobalSection
	GlobalSection(ExtensibilityGlobals) = postSolution
		SolutionGuid = {BB1C2A2B-71B8-4731-BD24-2586F5603675}
	EndGlobalSection
EndGlobal
