
Microsoft Visual Studio Solution File, Format Version 12.00
# Visual Studio Version 17
VisualStudioVersion = 17.14.36811.4 d17.14
MinimumVisualStudioVersion = 10.0.40219.1
Project("{FAE04EC0-301F-11D3-BF4B-00C04F79EFBC}") = "Day5_break", "Day5_break\Day5_break.csproj", "{CCA3E746-4598-4BBC-9E85-916F787C81AD}"
EndProject
Global
	GlobalSection(SolutionConfigurationPlatforms) = preSolution
		Debug|Any CPU = Debug|Any CPU
		Release|Any CPU = Release|Any CPU
	EndGlobalSection
	GlobalSection(ProjectConfigurationPlatforms) = postSolution
		{CCA3E746-4598-4BBC-9E85-916F787C81AD}.Debug|Any CPU.ActiveCfg = Debug|Any CPU
		{CCA3E746-4598-4BBC-9E85-916F787C81AD}.Debug|Any CPU.Build.0 = Debug|Any CPU
		{CCA3E746-4598-4BBC-9E85-916F787C81AD}.Release|Any CPU.ActiveCfg = Release|Any CPU
		{CCA3E746-4598-4BBC-9E85-916F787C81AD}.Release|Any CPU.Build.0 = Release|Any CPU
	EndGlobalSection
	GlobalSection(SolutionProperties) = preSolution
		HideSolutionNode = FALSE
	EndGlobalSection
	GlobalSection(ExtensibilityGlobals) = postSolution
		SolutionGuid = {D4216BD8-90EF-48F7-A938-5C9059974C97}
	EndGlobalSection
EndGlobal
