
Microsoft Visual Studio Solution File, Format Version 12.00
# Visual Studio Version 17
VisualStudioVersion = 17.14.36811.4 d17.14
MinimumVisualStudioVersion = 10.0.40219.1
Project("{FAE04EC0-301F-11D3-BF4B-00C04F79EFBC}") = "Day3_Tasks", "Day3_Tasks\Day3_Tasks.csproj", "{6639D829-7233-489B-8EC5-4E3858702161}"
EndProject
Global
	GlobalSection(SolutionConfigurationPlatforms) = preSolution
		Debug|Any CPU = Debug|Any CPU
		Release|Any CPU = Release|Any CPU
	EndGlobalSection
	GlobalSection(ProjectConfigurationPlatforms) = postSolution
		{6639D829-7233-489B-8EC5-4E3858702161}.Debug|Any CPU.ActiveCfg = Debug|Any CPU
		{6639D829-7233-489B-8EC5-4E3858702161}.Debug|Any CPU.Build.0 = Debug|Any CPU
		{6639D829-7233-489B-8EC5-4E3858702161}.Release|Any CPU.ActiveCfg = Release|Any CPU
		{6639D829-7233-489B-8EC5-4E3858702161}.Release|Any CPU.Build.0 = Release|Any CPU
	EndGlobalSection
	GlobalSection(SolutionProperties) = preSolution
		HideSolutionNode = FALSE
	EndGlobalSection
	GlobalSection(ExtensibilityGlobals) = postSolution
		SolutionGuid = {F5EE6830-CE78-4FF1-A691-692CF9CE4DBE}
	EndGlobalSection
EndGlobal
