
Microsoft Visual Studio Solution File, Format Version 12.00
# Visual Studio Version 17
VisualStudioVersion = 17.14.36811.4 d17.14
MinimumVisualStudioVersion = 10.0.40219.1
Project("{FAE04EC0-301F-11D3-BF4B-00C04F79EFBC}") = "Day2_4", "Day2_4\Day2_4.csproj", "{B03A701F-8DD1-4992-8CEC-7ECC482464C4}"
EndProject
Global
	GlobalSection(SolutionConfigurationPlatforms) = preSolution
		Debug|Any CPU = Debug|Any CPU
		Release|Any CPU = Release|Any CPU
	EndGlobalSection
	GlobalSection(ProjectConfigurationPlatforms) = postSolution
		{B03A701F-8DD1-4992-8CEC-7ECC482464C4}.Debug|Any CPU.ActiveCfg = Debug|Any CPU
		{B03A701F-8DD1-4992-8CEC-7ECC482464C4}.Debug|Any CPU.Build.0 = Debug|Any CPU
		{B03A701F-8DD1-4992-8CEC-7ECC482464C4}.Release|Any CPU.ActiveCfg = Release|Any CPU
		{B03A701F-8DD1-4992-8CEC-7ECC482464C4}.Release|Any CPU.Build.0 = Release|Any CPU
	EndGlobalSection
	GlobalSection(SolutionProperties) = preSolution
		HideSolutionNode = FALSE
	EndGlobalSection
	GlobalSection(ExtensibilityGlobals) = postSolution
		SolutionGuid = {7881DD10-8CD0-41BD-B095-AD2DC3DD8D10}
	EndGlobalSection
EndGlobal
