
Microsoft Visual Studio Solution File, Format Version 12.00
# Visual Studio Version 17
VisualStudioVersion = 17.14.36811.4 d17.14
MinimumVisualStudioVersion = 10.0.40219.1
Project("{FAE04EC0-301F-11D3-BF4B-00C04F79EFBC}") = "Day9_assign", "Day9_assign\Day9_assign.csproj", "{993A1EA7-637C-43F1-BD6F-C5E24F657478}"
EndProject
Global
	GlobalSection(SolutionConfigurationPlatforms) = preSolution
		Debug|Any CPU = Debug|Any CPU
		Release|Any CPU = Release|Any CPU
	EndGlobalSection
	GlobalSection(ProjectConfigurationPlatforms) = postSolution
		{993A1EA7-637C-43F1-BD6F-C5E24F657478}.Debug|Any CPU.ActiveCfg = Debug|Any CPU
		{993A1EA7-637C-43F1-BD6F-C5E24F657478}.Debug|Any CPU.Build.0 = Debug|Any CPU
		{993A1EA7-637C-43F1-BD6F-C5E24F657478}.Release|Any CPU.ActiveCfg = Release|Any CPU
		{993A1EA7-637C-43F1-BD6F-C5E24F657478}.Release|Any CPU.Build.0 = Release|Any CPU
	EndGlobalSection
	GlobalSection(SolutionProperties) = preSolution
		HideSolutionNode = FALSE
	EndGlobalSection
	GlobalSection(ExtensibilityGlobals) = postSolution
		SolutionGuid = {3D26B886-28BB-4384-A2B8-CBF2415A20CE}
	EndGlobalSection
EndGlobal
