
Microsoft Visual Studio Solution File, Format Version 12.00
# Visual Studio Version 17
VisualStudioVersion = 17.14.36811.4 d17.14
MinimumVisualStudioVersion = 10.0.40219.1
Project("{FAE04EC0-301F-11D3-BF4B-00C04F79EFBC}") = "Day7_fx", "Day7_fx\Day7_fx.csproj", "{97394580-28BE-4663-92F2-551B58437A5C}"
EndProject
Global
	GlobalSection(SolutionConfigurationPlatforms) = preSolution
		Debug|Any CPU = Debug|Any CPU
		Release|Any CPU = Release|Any CPU
	EndGlobalSection
	GlobalSection(ProjectConfigurationPlatforms) = postSolution
		{97394580-28BE-4663-92F2-551B58437A5C}.Debug|Any CPU.ActiveCfg = Debug|Any CPU
		{97394580-28BE-4663-92F2-551B58437A5C}.Debug|Any CPU.Build.0 = Debug|Any CPU
		{97394580-28BE-4663-92F2-551B58437A5C}.Release|Any CPU.ActiveCfg = Release|Any CPU
		{97394580-28BE-4663-92F2-551B58437A5C}.Release|Any CPU.Build.0 = Release|Any CPU
	EndGlobalSection
	GlobalSection(SolutionProperties) = preSolution
		HideSolutionNode = FALSE
	EndGlobalSection
	GlobalSection(ExtensibilityGlobals) = postSolution
		SolutionGuid = {9F626EF8-4AED-4BE1-B3FD-3C7C229E73EB}
	EndGlobalSection
EndGlobal
