
Microsoft Visual Studio Solution File, Format Version 12.00
# Visual Studio Version 17
VisualStudioVersion = 17.14.36811.4 d17.14
MinimumVisualStudioVersion = 10.0.40219.1
Project("{FAE04EC0-301F-11D3-BF4B-00C04F79EFBC}") = "Day3_1", "Day3_1\Day3_1.csproj", "{00505FEE-95F2-4DC0-8C6C-3E7B15C4AA22}"
EndProject
Global
	GlobalSection(SolutionConfigurationPlatforms) = preSolution
		Debug|Any CPU = Debug|Any CPU
		Release|Any CPU = Release|Any CPU
	EndGlobalSection
	GlobalSection(ProjectConfigurationPlatforms) = postSolution
		{00505FEE-95F2-4DC0-8C6C-3E7B15C4AA22}.Debug|Any CPU.ActiveCfg = Debug|Any CPU
		{00505FEE-95F2-4DC0-8C6C-3E7B15C4AA22}.Debug|Any CPU.Build.0 = Debug|Any CPU
		{00505FEE-95F2-4DC0-8C6C-3E7B15C4AA22}.Release|Any CPU.ActiveCfg = Release|Any CPU
		{00505FEE-95F2-4DC0-8C6C-3E7B15C4AA22}.Release|Any CPU.Build.0 = Release|Any CPU
	EndGlobalSection
	GlobalSection(SolutionProperties) = preSolution
		HideSolutionNode = FALSE
	EndGlobalSection
	GlobalSection(ExtensibilityGlobals) = postSolution
		SolutionGuid = {8739E69B-4D43-47FC-B436-40815D498F51}
	EndGlobalSection
EndGlobal
