
Microsoft Visual Studio Solution File, Format Version 12.00
# Visual Studio Version 17
VisualStudioVersion = 17.14.36811.4 d17.14
MinimumVisualStudioVersion = 10.0.40219.1
Project("{FAE04EC0-301F-11D3-BF4B-00C04F79EFBC}") = "Day5", "Day5\Day5.csproj", "{AB38CB87-6FCB-4B86-B23A-DB759EC73A68}"
EndProject
Global
	GlobalSection(SolutionConfigurationPlatforms) = preSolution
		Debug|Any CPU = Debug|Any CPU
		Release|Any CPU = Release|Any CPU
	EndGlobalSection
	GlobalSection(ProjectConfigurationPlatforms) = postSolution
		{AB38CB87-6FCB-4B86-B23A-DB759EC73A68}.Debug|Any CPU.ActiveCfg = Debug|Any CPU
		{AB38CB87-6FCB-4B86-B23A-DB759EC73A68}.Debug|Any CPU.Build.0 = Debug|Any CPU
		{AB38CB87-6FCB-4B86-B23A-DB759EC73A68}.Release|Any CPU.ActiveCfg = Release|Any CPU
		{AB38CB87-6FCB-4B86-B23A-DB759EC73A68}.Release|Any CPU.Build.0 = Release|Any CPU
	EndGlobalSection
	GlobalSection(SolutionProperties) = preSolution
		HideSolutionNode = FALSE
	EndGlobalSection
	GlobalSection(ExtensibilityGlobals) = postSolution
		SolutionGuid = {63067F13-7A81-4270-B938-AAE6968104BB}
	EndGlobalSection
EndGlobal
