
Microsoft Visual Studio Solution File, Format Version 12.00
# Visual Studio Version 17
VisualStudioVersion = 17.14.36811.4 d17.14
MinimumVisualStudioVersion = 10.0.40219.1
Project("{FAE04EC0-301F-11D3-BF4B-00C04F79EFBC}") = "Day5_coordinate", "Day5_coordinate\Day5_coordinate.csproj", "{9ABE652F-55CD-4559-BBDF-046A01E225DC}"
EndProject
Global
	GlobalSection(SolutionConfigurationPlatforms) = preSolution
		Debug|Any CPU = Debug|Any CPU
		Release|Any CPU = Release|Any CPU
	EndGlobalSection
	GlobalSection(ProjectConfigurationPlatforms) = postSolution
		{9ABE652F-55CD-4559-BBDF-046A01E225DC}.Debug|Any CPU.ActiveCfg = Debug|Any CPU
		{9ABE652F-55CD-4559-BBDF-046A01E225DC}.Debug|Any CPU.Build.0 = Debug|Any CPU
		{9ABE652F-55CD-4559-BBDF-046A01E225DC}.Release|Any CPU.ActiveCfg = Release|Any CPU
		{9ABE652F-55CD-4559-BBDF-046A01E225DC}.Release|Any CPU.Build.0 = Release|Any CPU
	EndGlobalSection
	GlobalSection(SolutionProperties) = preSolution
		HideSolutionNode = FALSE
	EndGlobalSection
	GlobalSection(ExtensibilityGlobals) = postSolution
		SolutionGuid = {BC27C53F-F394-4DEA-9DC2-8543918F13AA}
	EndGlobalSection
EndGlobal
